
Microsoft Visual Studio Solution File, Format Version 12.00
# Visual Studio Version 17
VisualStudioVersion = 17.9.34728.123
MinimumVisualStudioVersion = 10.0.40219.1
Project("{FAE04EC0-301F-11D3-BF4B-00C04F79EFBC}") = "PrintStickerNet", "PrintStickerNet\PrintStickerNet.csproj", "{F5EF39AB-EF7D-4FD3-8497-FEA9B69EBFDA}"
EndProject
Global
	GlobalSection(SolutionConfigurationPlatforms) = preSolution
		Debug|Any CPU = Debug|Any CPU
		Release|Any CPU = Release|Any CPU
	EndGlobalSection
	GlobalSection(ProjectConfigurationPlatforms) = postSolution
		{F5EF39AB-EF7D-4FD3-8497-FEA9B69EBFDA}.Debug|Any CPU.ActiveCfg = Debug|Any CPU
		{F5EF39AB-EF7D-4FD3-8497-FEA9B69EBFDA}.Debug|Any CPU.Build.0 = Debug|Any CPU
		{F5EF39AB-EF7D-4FD3-8497-FEA9B69EBFDA}.Release|Any CPU.ActiveCfg = Release|Any CPU
		{F5EF39AB-EF7D-4FD3-8497-FEA9B69EBFDA}.Release|Any CPU.Build.0 = Release|Any CPU
	EndGlobalSection
	GlobalSection(SolutionProperties) = preSolution
		HideSolutionNode = FALSE
	EndGlobalSection
	GlobalSection(ExtensibilityGlobals) = postSolution
		SolutionGuid = {B3ED6363-72B7-4A7C-8AFA-B50C6F339AB1}
	EndGlobalSection
EndGlobal
